// !$*UTF8*$!
{
	archiveVersion = 1;
	classes = {
	};
	objectVersion = 56;
	objects = {

/* Begin PBXBuildFile section */
		9D35CAE52C0F159600D68BA0 /* DikidiNourApp.swift in Sources */ = {isa = PBXBuildFile; fileRef = 9D35CAE42C0F159600D68BA0 /* DikidiNourApp.swift */; };
		9D35CAE92C0F159800D68BA0 /* Assets.xcassets in Resources */ = {isa = PBXBuildFile; fileRef = 9D35CAE82C0F159800D68BA0 /* Assets.xcassets */; };
		9D35CAEC2C0F159800D68BA0 /* Preview Assets.xcassets in Resources */ = {isa = PBXBuildFile; fileRef = 9D35CAEB2C0F159800D68BA0 /* Preview Assets.xcassets */; };
		9D35CAF92C0F15C300D68BA0 /* DikidiView.swift in Sources */ = {isa = PBXBuildFile; fileRef = 9D35CAF82C0F15C200D68BA0 /* DikidiView.swift */; };
		9D35CAFC2C0F162000D68BA0 /* NetworkService.swift in Sources */ = {isa = PBXBuildFile; fileRef = 9D35CAFB2C0F162000D68BA0 /* NetworkService.swift */; };
		9D35CAFF2C0F163F00D68BA0 /* ApiClientError.swift in Sources */ = {isa = PBXBuildFile; fileRef = 9D35CAFE2C0F163F00D68BA0 /* ApiClientError.swift */; };
		9D35CB012C0F165E00D68BA0 /* DikidiRequestService.swift in Sources */ = {isa = PBXBuildFile; fileRef = 9D35CB002C0F165E00D68BA0 /* DikidiRequestService.swift */; };
		9D35CB052C0F173700D68BA0 /* Model.swift in Sources */ = {isa = PBXBuildFile; fileRef = 9D35CB042C0F173700D68BA0 /* Model.swift */; };
		9D35CB092C0F1AB100D68BA0 /* DikidiService.swift in Sources */ = {isa = PBXBuildFile; fileRef = 9D35CB082C0F1AB100D68BA0 /* DikidiService.swift */; };
		9D35CB0C2C0F1BFD00D68BA0 /* DikidiViewModel.swift in Sources */ = {isa = PBXBuildFile; fileRef = 9D35CB0B2C0F1BFD00D68BA0 /* DikidiViewModel.swift */; };
		9D35CB0F2C0F942700D68BA0 /* TabBarView.swift in Sources */ = {isa = PBXBuildFile; fileRef = 9D35CB0E2C0F942700D68BA0 /* TabBarView.swift */; };
		9D35CB122C10319D00D68BA0 /* TitleSection.swift in Sources */ = {isa = PBXBuildFile; fileRef = 9D35CB112C10319D00D68BA0 /* TitleSection.swift */; };
		9D35CB152C10340600D68BA0 /* ExampleSection.swift in Sources */ = {isa = PBXBuildFile; fileRef = 9D35CB142C10340600D68BA0 /* ExampleSection.swift */; };
		9D35CB182C10375900D68BA0 /* FavoritesCell.swift in Sources */ = {isa = PBXBuildFile; fileRef = 9D35CB172C10375900D68BA0 /* FavoritesCell.swift */; };
		9D35CB1A2C10382E00D68BA0 /* FavoritesView.swift in Sources */ = {isa = PBXBuildFile; fileRef = 9D35CB192C10382E00D68BA0 /* FavoritesView.swift */; };
		9D35CB1D2C103B9500D68BA0 /* PremiumSection.swift in Sources */ = {isa = PBXBuildFile; fileRef = 9D35CB1C2C103B9500D68BA0 /* PremiumSection.swift */; };
		9D35CB202C10400600D68BA0 /* DiscontSectionCell.swift in Sources */ = {isa = PBXBuildFile; fileRef = 9D35CB1F2C10400600D68BA0 /* DiscontSectionCell.swift */; };
		9D35CB222C10407E00D68BA0 /* DiscontSectionView.swift in Sources */ = {isa = PBXBuildFile; fileRef = 9D35CB212C10407E00D68BA0 /* DiscontSectionView.swift */; };
		9D35CB252C1044D400D68BA0 /* PopularSection.swift in Sources */ = {isa = PBXBuildFile; fileRef = 9D35CB242C1044D400D68BA0 /* PopularSection.swift */; };
		9D35CB272C10450400D68BA0 /* PopularSectionCell.swift in Sources */ = {isa = PBXBuildFile; fileRef = 9D35CB262C10450400D68BA0 /* PopularSectionCell.swift */; };
		9D35CB2A2C1055F400D68BA0 /* CatalogView.swift in Sources */ = {isa = PBXBuildFile; fileRef = 9D35CB292C1055F400D68BA0 /* CatalogView.swift */; };
		9D35CB2D2C10629E00D68BA0 /* DiscontView.swift in Sources */ = {isa = PBXBuildFile; fileRef = 9D35CB2C2C10629E00D68BA0 /* DiscontView.swift */; };
		9D35CB2F2C1066F700D68BA0 /* DiscontViewCell.swift in Sources */ = {isa = PBXBuildFile; fileRef = 9D35CB2E2C1066F700D68BA0 /* DiscontViewCell.swift */; };
		9D35CB342C107AD900D68BA0 /* AuthorizationView.swift in Sources */ = {isa = PBXBuildFile; fileRef = 9D35CB332C107AD900D68BA0 /* AuthorizationView.swift */; };
		9D35CB372C107B5E00D68BA0 /* ProfileView.swift in Sources */ = {isa = PBXBuildFile; fileRef = 9D35CB362C107B5E00D68BA0 /* ProfileView.swift */; };
		9D35CB392C1081CF00D68BA0 /* CatalogSectionCell.swift in Sources */ = {isa = PBXBuildFile; fileRef = 9D35CB382C1081CF00D68BA0 /* CatalogSectionCell.swift */; };
		9D35CB3C2C10824B00D68BA0 /* StarRatingView.swift in Sources */ = {isa = PBXBuildFile; fileRef = 9D35CB3B2C10824B00D68BA0 /* StarRatingView.swift */; };
		9D58AE7C2C108F3200D591C8 /* PremiumSectionCell.swift in Sources */ = {isa = PBXBuildFile; fileRef = 9D58AE7B2C108F3200D591C8 /* PremiumSectionCell.swift */; };
		9D58AE812C11896200D591C8 /* LocationService.swift in Sources */ = {isa = PBXBuildFile; fileRef = 9D58AE802C11896200D591C8 /* LocationService.swift */; };
/* End PBXBuildFile section */

/* Begin PBXFileReference section */
		9D35CAE12C0F159600D68BA0 /* DikidiNour.app */ = {isa = PBXFileReference; explicitFileType = wrapper.application; includeInIndex = 0; path = DikidiNour.app; sourceTree = BUILT_PRODUCTS_DIR; };
		9D35CAE42C0F159600D68BA0 /* DikidiNourApp.swift */ = {isa = PBXFileReference; lastKnownFileType = sourcecode.swift; path = DikidiNourApp.swift; sourceTree = "<group>"; };
		9D35CAE82C0F159800D68BA0 /* Assets.xcassets */ = {isa = PBXFileReference; lastKnownFileType = folder.assetcatalog; path = Assets.xcassets; sourceTree = "<group>"; };
		9D35CAEB2C0F159800D68BA0 /* Preview Assets.xcassets */ = {isa = PBXFileReference; lastKnownFileType = folder.assetcatalog; path = "Preview Assets.xcassets"; sourceTree = "<group>"; };
		9D35CAF82C0F15C200D68BA0 /* DikidiView.swift */ = {isa = PBXFileReference; lastKnownFileType = sourcecode.swift; path = DikidiView.swift; sourceTree = "<group>"; };
		9D35CAFB2C0F162000D68BA0 /* NetworkService.swift */ = {isa = PBXFileReference; lastKnownFileType = sourcecode.swift; path = NetworkService.swift; sourceTree = "<group>"; };
		9D35CAFE2C0F163F00D68BA0 /* ApiClientError.swift */ = {isa = PBXFileReference; lastKnownFileType = sourcecode.swift; path = ApiClientError.swift; sourceTree = "<group>"; };
		9D35CB002C0F165E00D68BA0 /* DikidiRequestService.swift */ = {isa = PBXFileReference; lastKnownFileType = sourcecode.swift; path = DikidiRequestService.swift; sourceTree = "<group>"; };
		9D35CB042C0F173700D68BA0 /* Model.swift */ = {isa = PBXFileReference; lastKnownFileType = sourcecode.swift; path = Model.swift; sourceTree = "<group>"; };
		9D35CB082C0F1AB100D68BA0 /* DikidiService.swift */ = {isa = PBXFileReference; lastKnownFileType = sourcecode.swift; path = DikidiService.swift; sourceTree = "<group>"; };
		9D35CB0B2C0F1BFD00D68BA0 /* DikidiViewModel.swift */ = {isa = PBXFileReference; lastKnownFileType = sourcecode.swift; path = DikidiViewModel.swift; sourceTree = "<group>"; };
		9D35CB0E2C0F942700D68BA0 /* TabBarView.swift */ = {isa = PBXFileReference; lastKnownFileType = sourcecode.swift; path = TabBarView.swift; sourceTree = "<group>"; };
		9D35CB112C10319D00D68BA0 /* TitleSection.swift */ = {isa = PBXFileReference; lastKnownFileType = sourcecode.swift; path = TitleSection.swift; sourceTree = "<group>"; };
		9D35CB142C10340600D68BA0 /* ExampleSection.swift */ = {isa = PBXFileReference; lastKnownFileType = sourcecode.swift; path = ExampleSection.swift; sourceTree = "<group>"; };
		9D35CB172C10375900D68BA0 /* FavoritesCell.swift */ = {isa = PBXFileReference; lastKnownFileType = sourcecode.swift; path = FavoritesCell.swift; sourceTree = "<group>"; };
		9D35CB192C10382E00D68BA0 /* FavoritesView.swift */ = {isa = PBXFileReference; lastKnownFileType = sourcecode.swift; path = FavoritesView.swift; sourceTree = "<group>"; };
		9D35CB1C2C103B9500D68BA0 /* PremiumSection.swift */ = {isa = PBXFileReference; lastKnownFileType = sourcecode.swift; path = PremiumSection.swift; sourceTree = "<group>"; };
		9D35CB1F2C10400600D68BA0 /* DiscontSectionCell.swift */ = {isa = PBXFileReference; lastKnownFileType = sourcecode.swift; path = DiscontSectionCell.swift; sourceTree = "<group>"; };
		9D35CB212C10407E00D68BA0 /* DiscontSectionView.swift */ = {isa = PBXFileReference; lastKnownFileType = sourcecode.swift; path = DiscontSectionView.swift; sourceTree = "<group>"; };
		9D35CB242C1044D400D68BA0 /* PopularSection.swift */ = {isa = PBXFileReference; lastKnownFileType = sourcecode.swift; path = PopularSection.swift; sourceTree = "<group>"; };
		9D35CB262C10450400D68BA0 /* PopularSectionCell.swift */ = {isa = PBXFileReference; lastKnownFileType = sourcecode.swift; path = PopularSectionCell.swift; sourceTree = "<group>"; };
		9D35CB292C1055F400D68BA0 /* CatalogView.swift */ = {isa = PBXFileReference; lastKnownFileType = sourcecode.swift; path = CatalogView.swift; sourceTree = "<group>"; };
		9D35CB2C2C10629E00D68BA0 /* DiscontView.swift */ = {isa = PBXFileReference; lastKnownFileType = sourcecode.swift; path = DiscontView.swift; sourceTree = "<group>"; };
		9D35CB2E2C1066F700D68BA0 /* DiscontViewCell.swift */ = {isa = PBXFileReference; lastKnownFileType = sourcecode.swift; path = DiscontViewCell.swift; sourceTree = "<group>"; };
		9D35CB332C107AD900D68BA0 /* AuthorizationView.swift */ = {isa = PBXFileReference; lastKnownFileType = sourcecode.swift; path = AuthorizationView.swift; sourceTree = "<group>"; };
		9D35CB362C107B5E00D68BA0 /* ProfileView.swift */ = {isa = PBXFileReference; lastKnownFileType = sourcecode.swift; path = ProfileView.swift; sourceTree = "<group>"; };
		9D35CB382C1081CF00D68BA0 /* CatalogSectionCell.swift */ = {isa = PBXFileReference; lastKnownFileType = sourcecode.swift; path = CatalogSectionCell.swift; sourceTree = "<group>"; };
		9D35CB3B2C10824B00D68BA0 /* StarRatingView.swift */ = {isa = PBXFileReference; lastKnownFileType = sourcecode.swift; path = StarRatingView.swift; sourceTree = "<group>"; };
		9D58AE7B2C108F3200D591C8 /* PremiumSectionCell.swift */ = {isa = PBXFileReference; lastKnownFileType = sourcecode.swift; path = PremiumSectionCell.swift; sourceTree = "<group>"; };
		9D58AE802C11896200D591C8 /* LocationService.swift */ = {isa = PBXFileReference; lastKnownFileType = sourcecode.swift; path = LocationService.swift; sourceTree = "<group>"; };
/* End PBXFileReference section */

/* Begin PBXFrameworksBuildPhase section */
		9D35CADE2C0F159600D68BA0 /* Frameworks */ = {
			isa = PBXFrameworksBuildPhase;
			buildActionMask = 2147483647;
			files = (
			);
			runOnlyForDeploymentPostprocessing = 0;
		};
/* End PBXFrameworksBuildPhase section */

/* Begin PBXGroup section */
		9D35CAD82C0F159600D68BA0 = {
			isa = PBXGroup;
			children = (
				9D35CAE32C0F159600D68BA0 /* DikidiNour */,
				9D35CAE22C0F159600D68BA0 /* Products */,
			);
			sourceTree = "<group>";
		};
		9D35CAE22C0F159600D68BA0 /* Products */ = {
			isa = PBXGroup;
			children = (
				9D35CAE12C0F159600D68BA0 /* DikidiNour.app */,
			);
			name = Products;
			sourceTree = "<group>";
		};
		9D35CAE32C0F159600D68BA0 /* DikidiNour */ = {
			isa = PBXGroup;
			children = (
				9D58AE7F2C11894900D591C8 /* LocationService */,
				9D35CB022C0F172400D68BA0 /* Model */,
				9D35CAFD2C0F163000D68BA0 /* Extension */,
				9D35CAFA2C0F15FE00D68BA0 /* NetworkService */,
				9D35CAF72C0F15A300D68BA0 /* View */,
				9D35CB0A2C0F1BD600D68BA0 /* ViewModel */,
				9D35CAE42C0F159600D68BA0 /* DikidiNourApp.swift */,
				9D35CAE82C0F159800D68BA0 /* Assets.xcassets */,
				9D35CAEA2C0F159800D68BA0 /* Preview Content */,
			);
			path = DikidiNour;
			sourceTree = "<group>";
		};
		9D35CAEA2C0F159800D68BA0 /* Preview Content */ = {
			isa = PBXGroup;
			children = (
				9D35CAEB2C0F159800D68BA0 /* Preview Assets.xcassets */,
			);
			path = "Preview Content";
			sourceTree = "<group>";
		};
		9D35CAF72C0F15A300D68BA0 /* View */ = {
			isa = PBXGroup;
			children = (
				9D35CB3A2C10823000D68BA0 /* ResourcesView */,
				9D35CB352C107B4B00D68BA0 /* ProfileView */,
				9D35CB322C107AB900D68BA0 /* AuthorizationView */,
				9D35CB2B2C10628B00D68BA0 /* DiscontView */,
				9D35CB282C1055C600D68BA0 /* CatalogView */,
				9D35CB102C10318100D68BA0 /* MainView */,
				9D35CB0D2C0F941400D68BA0 /* TabView */,
				9D35CAF82C0F15C200D68BA0 /* DikidiView.swift */,
			);
			path = View;
			sourceTree = "<group>";
		};
		9D35CAFA2C0F15FE00D68BA0 /* NetworkService */ = {
			isa = PBXGroup;
			children = (
				9D35CAFB2C0F162000D68BA0 /* NetworkService.swift */,
				9D35CB002C0F165E00D68BA0 /* DikidiRequestService.swift */,
				9D35CB082C0F1AB100D68BA0 /* DikidiService.swift */,
			);
			path = NetworkService;
			sourceTree = "<group>";
		};
		9D35CAFD2C0F163000D68BA0 /* Extension */ = {
			isa = PBXGroup;
			children = (
				9D35CAFE2C0F163F00D68BA0 /* ApiClientError.swift */,
			);
			path = Extension;
			sourceTree = "<group>";
		};
		9D35CB022C0F172400D68BA0 /* Model */ = {
			isa = PBXGroup;
			children = (
				9D35CB042C0F173700D68BA0 /* Model.swift */,
			);
			path = Model;
			sourceTree = "<group>";
		};
		9D35CB0A2C0F1BD600D68BA0 /* ViewModel */ = {
			isa = PBXGroup;
			children = (
				9D35CB0B2C0F1BFD00D68BA0 /* DikidiViewModel.swift */,
			);
			path = ViewModel;
			sourceTree = "<group>";
		};
		9D35CB0D2C0F941400D68BA0 /* TabView */ = {
			isa = PBXGroup;
			children = (
				9D35CB0E2C0F942700D68BA0 /* TabBarView.swift */,
			);
			path = TabView;
			sourceTree = "<group>";
		};
		9D35CB102C10318100D68BA0 /* MainView */ = {
			isa = PBXGroup;
			children = (
				9D35CB232C10449900D68BA0 /* PopularSection */,
				9D35CB1E2C103FEA00D68BA0 /* DiscontSection */,
				9D35CB1B2C103B6100D68BA0 /* PremiumSection */,
				9D35CB162C10374500D68BA0 /* FavoriteSection */,
				9D35CB132C1033F000D68BA0 /* ExampleSection */,
				9D35CB112C10319D00D68BA0 /* TitleSection.swift */,
			);
			path = MainView;
			sourceTree = "<group>";
		};
		9D35CB132C1033F000D68BA0 /* ExampleSection */ = {
			isa = PBXGroup;
			children = (
				9D35CB142C10340600D68BA0 /* ExampleSection.swift */,
			);
			path = ExampleSection;
			sourceTree = "<group>";
		};
		9D35CB162C10374500D68BA0 /* FavoriteSection */ = {
			isa = PBXGroup;
			children = (
				9D35CB172C10375900D68BA0 /* FavoritesCell.swift */,
				9D35CB192C10382E00D68BA0 /* FavoritesView.swift */,
			);
			path = FavoriteSection;
			sourceTree = "<group>";
		};
		9D35CB1B2C103B6100D68BA0 /* PremiumSection */ = {
			isa = PBXGroup;
			children = (
				9D35CB1C2C103B9500D68BA0 /* PremiumSection.swift */,
				9D58AE7B2C108F3200D591C8 /* PremiumSectionCell.swift */,
			);
			path = PremiumSection;
			sourceTree = "<group>";
		};
		9D35CB1E2C103FEA00D68BA0 /* DiscontSection */ = {
			isa = PBXGroup;
			children = (
				9D35CB1F2C10400600D68BA0 /* DiscontSectionCell.swift */,
				9D35CB212C10407E00D68BA0 /* DiscontSectionView.swift */,
			);
			path = DiscontSection;
			sourceTree = "<group>";
		};
		9D35CB232C10449900D68BA0 /* PopularSection */ = {
			isa = PBXGroup;
			children = (
				9D35CB242C1044D400D68BA0 /* PopularSection.swift */,
				9D35CB262C10450400D68BA0 /* PopularSectionCell.swift */,
			);
			path = PopularSection;
			sourceTree = "<group>";
		};
		9D35CB282C1055C600D68BA0 /* CatalogView */ = {
			isa = PBXGroup;
			children = (
				9D35CB292C1055F400D68BA0 /* CatalogView.swift */,
				9D35CB382C1081CF00D68BA0 /* CatalogSectionCell.swift */,
			);
			path = CatalogView;
			sourceTree = "<group>";
		};
		9D35CB2B2C10628B00D68BA0 /* DiscontView */ = {
			isa = PBXGroup;
			children = (
				9D35CB2C2C10629E00D68BA0 /* DiscontView.swift */,
				9D35CB2E2C1066F700D68BA0 /* DiscontViewCell.swift */,
			);
			path = DiscontView;
			sourceTree = "<group>";
		};
		9D35CB322C107AB900D68BA0 /* AuthorizationView */ = {
			isa = PBXGroup;
			children = (
				9D35CB332C107AD900D68BA0 /* AuthorizationView.swift */,
			);
			path = AuthorizationView;
			sourceTree = "<group>";
		};
		9D35CB352C107B4B00D68BA0 /* ProfileView */ = {
			isa = PBXGroup;
			children = (
				9D35CB362C107B5E00D68BA0 /* ProfileView.swift */,
			);
			path = ProfileView;
			sourceTree = "<group>";
		};
		9D35CB3A2C10823000D68BA0 /* ResourcesView */ = {
			isa = PBXGroup;
			children = (
				9D35CB3B2C10824B00D68BA0 /* StarRatingView.swift */,
			);
			path = ResourcesView;
			sourceTree = "<group>";
		};
		9D58AE7F2C11894900D591C8 /* LocationService */ = {
			isa = PBXGroup;
			children = (
				9D58AE802C11896200D591C8 /* LocationService.swift */,
			);
			path = LocationService;
			sourceTree = "<group>";
		};
/* End PBXGroup section */

/* Begin PBXNativeTarget section */
		9D35CAE02C0F159600D68BA0 /* DikidiNour */ = {
			isa = PBXNativeTarget;
			buildConfigurationList = 9D35CAF42C0F159800D68BA0 /* Build configuration list for PBXNativeTarget "DikidiNour" */;
			buildPhases = (
				9D35CADD2C0F159600D68BA0 /* Sources */,
				9D35CADE2C0F159600D68BA0 /* Frameworks */,
				9D35CADF2C0F159600D68BA0 /* Resources */,
			);
			buildRules = (
			);
			dependencies = (
			);
			name = DikidiNour;
			productName = DikidiNour;
			productReference = 9D35CAE12C0F159600D68BA0 /* DikidiNour.app */;
			productType = "com.apple.product-type.application";
		};
/* End PBXNativeTarget section */

/* Begin PBXProject section */
		9D35CAD92C0F159600D68BA0 /* Project object */ = {
			isa = PBXProject;
			attributes = {
				BuildIndependentTargetsInParallel = 1;
				LastSwiftUpdateCheck = 1540;
				LastUpgradeCheck = 1540;
				TargetAttributes = {
					9D35CAE02C0F159600D68BA0 = {
						CreatedOnToolsVersion = 15.4;
					};
				};
			};
			buildConfigurationList = 9D35CADC2C0F159600D68BA0 /* Build configuration list for PBXProject "DikidiNour" */;
			compatibilityVersion = "Xcode 14.0";
			developmentRegion = en;
			hasScannedForEncodings = 0;
			knownRegions = (
				en,
				Base,
			);
			mainGroup = 9D35CAD82C0F159600D68BA0;
			productRefGroup = 9D35CAE22C0F159600D68BA0 /* Products */;
			projectDirPath = "";
			projectRoot = "";
			targets = (
				9D35CAE02C0F159600D68BA0 /* DikidiNour */,
			);
		};
/* End PBXProject section */

/* Begin PBXResourcesBuildPhase section */
		9D35CADF2C0F159600D68BA0 /* Resources */ = {
			isa = PBXResourcesBuildPhase;
			buildActionMask = 2147483647;
			files = (
				9D35CAEC2C0F159800D68BA0 /* Preview Assets.xcassets in Resources */,
				9D35CAE92C0F159800D68BA0 /* Assets.xcassets in Resources */,
			);
			runOnlyForDeploymentPostprocessing = 0;
		};
/* End PBXResourcesBuildPhase section */

/* Begin PBXSourcesBuildPhase section */
		9D35CADD2C0F159600D68BA0 /* Sources */ = {
			isa = PBXSourcesBuildPhase;
			buildActionMask = 2147483647;
			files = (
				9D35CB0F2C0F942700D68BA0 /* TabBarView.swift in Sources */,
				9D35CB182C10375900D68BA0 /* FavoritesCell.swift in Sources */,
				9D35CB1D2C103B9500D68BA0 /* PremiumSection.swift in Sources */,
				9D35CB052C0F173700D68BA0 /* Model.swift in Sources */,
				9D35CAFF2C0F163F00D68BA0 /* ApiClientError.swift in Sources */,
				9D35CB122C10319D00D68BA0 /* TitleSection.swift in Sources */,
				9D35CB2D2C10629E00D68BA0 /* DiscontView.swift in Sources */,
				9D58AE812C11896200D591C8 /* LocationService.swift in Sources */,
				9D35CB252C1044D400D68BA0 /* PopularSection.swift in Sources */,
				9D35CB152C10340600D68BA0 /* ExampleSection.swift in Sources */,
				9D35CAE52C0F159600D68BA0 /* DikidiNourApp.swift in Sources */,
				9D35CB092C0F1AB100D68BA0 /* DikidiService.swift in Sources */,
				9D35CB392C1081CF00D68BA0 /* CatalogSectionCell.swift in Sources */,
				9D35CB372C107B5E00D68BA0 /* ProfileView.swift in Sources */,
				9D35CB012C0F165E00D68BA0 /* DikidiRequestService.swift in Sources */,
				9D35CB2F2C1066F700D68BA0 /* DiscontViewCell.swift in Sources */,
				9D35CB1A2C10382E00D68BA0 /* FavoritesView.swift in Sources */,
				9D35CB342C107AD900D68BA0 /* AuthorizationView.swift in Sources */,
				9D35CAFC2C0F162000D68BA0 /* NetworkService.swift in Sources */,
				9D35CAF92C0F15C300D68BA0 /* DikidiView.swift in Sources */,
				9D35CB0C2C0F1BFD00D68BA0 /* DikidiViewModel.swift in Sources */,
				9D35CB2A2C1055F400D68BA0 /* CatalogView.swift in Sources */,
				9D35CB202C10400600D68BA0 /* DiscontSectionCell.swift in Sources */,
				9D35CB222C10407E00D68BA0 /* DiscontSectionView.swift in Sources */,
				9D58AE7C2C108F3200D591C8 /* PremiumSectionCell.swift in Sources */,
				9D35CB3C2C10824B00D68BA0 /* StarRatingView.swift in Sources */,
				9D35CB272C10450400D68BA0 /* PopularSectionCell.swift in Sources */,
			);
			runOnlyForDeploymentPostprocessing = 0;
		};
/* End PBXSourcesBuildPhase section */

/* Begin XCBuildConfiguration section */
		9D35CAF22C0F159800D68BA0 /* Debug */ = {
			isa = XCBuildConfiguration;
			buildSettings = {
				ALWAYS_SEARCH_USER_PATHS = NO;
				ASSETCATALOG_COMPILER_GENERATE_SWIFT_ASSET_SYMBOL_EXTENSIONS = YES;
				CLANG_ANALYZER_NONNULL = YES;
				CLANG_ANALYZER_NUMBER_OBJECT_CONVERSION = YES_AGGRESSIVE;
				CLANG_CXX_LANGUAGE_STANDARD = "gnu++20";
				CLANG_ENABLE_MODULES = YES;
				CLANG_ENABLE_OBJC_ARC = YES;
				CLANG_ENABLE_OBJC_WEAK = YES;
				CLANG_WARN_BLOCK_CAPTURE_AUTORELEASING = YES;
				CLANG_WARN_BOOL_CONVERSION = YES;
				CLANG_WARN_COMMA = YES;
				CLANG_WARN_CONSTANT_CONVERSION = YES;
				CLANG_WARN_DEPRECATED_OBJC_IMPLEMENTATIONS = YES;
				CLANG_WARN_DIRECT_OBJC_ISA_USAGE = YES_ERROR;
				CLANG_WARN_DOCUMENTATION_COMMENTS = YES;
				CLANG_WARN_EMPTY_BODY = YES;
				CLANG_WARN_ENUM_CONVERSION = YES;
				CLANG_WARN_INFINITE_RECURSION = YES;
				CLANG_WARN_INT_CONVERSION = YES;
				CLANG_WARN_NON_LITERAL_NULL_CONVERSION = YES;
				CLANG_WARN_OBJC_IMPLICIT_RETAIN_SELF = YES;
				CLANG_WARN_OBJC_LITERAL_CONVERSION = YES;
				CLANG_WARN_OBJC_ROOT_CLASS = YES_ERROR;
				CLANG_WARN_QUOTED_INCLUDE_IN_FRAMEWORK_HEADER = YES;
				CLANG_WARN_RANGE_LOOP_ANALYSIS = YES;
				CLANG_WARN_STRICT_PROTOTYPES = YES;
				CLANG_WARN_SUSPICIOUS_MOVE = YES;
				CLANG_WARN_UNGUARDED_AVAILABILITY = YES_AGGRESSIVE;
				CLANG_WARN_UNREACHABLE_CODE = YES;
				CLANG_WARN__DUPLICATE_METHOD_MATCH = YES;
				COPY_PHASE_STRIP = NO;
				DEBUG_INFORMATION_FORMAT = dwarf;
				ENABLE_STRICT_OBJC_MSGSEND = YES;
				ENABLE_TESTABILITY = YES;
				ENABLE_USER_SCRIPT_SANDBOXING = YES;
				GCC_C_LANGUAGE_STANDARD = gnu17;
				GCC_DYNAMIC_NO_PIC = NO;
				GCC_NO_COMMON_BLOCKS = YES;
				GCC_OPTIMIZATION_LEVEL = 0;
				GCC_PREPROCESSOR_DEFINITIONS = (
					"DEBUG=1",
					"$(inherited)",
				);
				GCC_WARN_64_TO_32_BIT_CONVERSION = YES;
				GCC_WARN_ABOUT_RETURN_TYPE = YES_ERROR;
				GCC_WARN_UNDECLARED_SELECTOR = YES;
				GCC_WARN_UNINITIALIZED_AUTOS = YES_AGGRESSIVE;
				GCC_WARN_UNUSED_FUNCTION = YES;
				GCC_WARN_UNUSED_VARIABLE = YES;
				IPHONEOS_DEPLOYMENT_TARGET = 17.5;
				LOCALIZATION_PREFERS_STRING_CATALOGS = YES;
				MTL_ENABLE_DEBUG_INFO = INCLUDE_SOURCE;
				MTL_FAST_MATH = YES;
				ONLY_ACTIVE_ARCH = YES;
				SDKROOT = iphoneos;
				SWIFT_ACTIVE_COMPILATION_CONDITIONS = "DEBUG $(inherited)";
				SWIFT_OPTIMIZATION_LEVEL = "-Onone";
			};
			name = Debug;
		};
		9D35CAF32C0F159800D68BA0 /* Release */ = {
			isa = XCBuildConfiguration;
			buildSettings = {
				ALWAYS_SEARCH_USER_PATHS = NO;
				ASSETCATALOG_COMPILER_GENERATE_SWIFT_ASSET_SYMBOL_EXTENSIONS = YES;
				CLANG_ANALYZER_NONNULL = YES;
				CLANG_ANALYZER_NUMBER_OBJECT_CONVERSION = YES_AGGRESSIVE;
				CLANG_CXX_LANGUAGE_STANDARD = "gnu++20";
				CLANG_ENABLE_MODULES = YES;
				CLANG_ENABLE_OBJC_ARC = YES;
				CLANG_ENABLE_OBJC_WEAK = YES;
				CLANG_WARN_BLOCK_CAPTURE_AUTORELEASING = YES;
				CLANG_WARN_BOOL_CONVERSION = YES;
				CLANG_WARN_COMMA = YES;
				CLANG_WARN_CONSTANT_CONVERSION = YES;
				CLANG_WARN_DEPRECATED_OBJC_IMPLEMENTATIONS = YES;
				CLANG_WARN_DIRECT_OBJC_ISA_USAGE = YES_ERROR;
				CLANG_WARN_DOCUMENTATION_COMMENTS = YES;
				CLANG_WARN_EMPTY_BODY = YES;
				CLANG_WARN_ENUM_CONVERSION = YES;
				CLANG_WARN_INFINITE_RECURSION = YES;
				CLANG_WARN_INT_CONVERSION = YES;
				CLANG_WARN_NON_LITERAL_NULL_CONVERSION = YES;
				CLANG_WARN_OBJC_IMPLICIT_RETAIN_SELF = YES;
				CLANG_WARN_OBJC_LITERAL_CONVERSION = YES;
				CLANG_WARN_OBJC_ROOT_CLASS = YES_ERROR;
				CLANG_WARN_QUOTED_INCLUDE_IN_FRAMEWORK_HEADER = YES;
				CLANG_WARN_RANGE_LOOP_ANALYSIS = YES;
				CLANG_WARN_STRICT_PROTOTYPES = YES;
				CLANG_WARN_SUSPICIOUS_MOVE = YES;
				CLANG_WARN_UNGUARDED_AVAILABILITY = YES_AGGRESSIVE;
				CLANG_WARN_UNREACHABLE_CODE = YES;
				CLANG_WARN__DUPLICATE_METHOD_MATCH = YES;
				COPY_PHASE_STRIP = NO;
				DEBUG_INFORMATION_FORMAT = "dwarf-with-dsym";
				ENABLE_NS_ASSERTIONS = NO;
				ENABLE_STRICT_OBJC_MSGSEND = YES;
				ENABLE_USER_SCRIPT_SANDBOXING = YES;
				GCC_C_LANGUAGE_STANDARD = gnu17;
				GCC_NO_COMMON_BLOCKS = YES;
				GCC_WARN_64_TO_32_BIT_CONVERSION = YES;
				GCC_WARN_ABOUT_RETURN_TYPE = YES_ERROR;
				GCC_WARN_UNDECLARED_SELECTOR = YES;
				GCC_WARN_UNINITIALIZED_AUTOS = YES_AGGRESSIVE;
				GCC_WARN_UNUSED_FUNCTION = YES;
				GCC_WARN_UNUSED_VARIABLE = YES;
				IPHONEOS_DEPLOYMENT_TARGET = 17.5;
				LOCALIZATION_PREFERS_STRING_CATALOGS = YES;
				MTL_ENABLE_DEBUG_INFO = NO;
				MTL_FAST_MATH = YES;
				SDKROOT = iphoneos;
				SWIFT_COMPILATION_MODE = wholemodule;
				VALIDATE_PRODUCT = YES;
			};
			name = Release;
		};
		9D35CAF52C0F159800D68BA0 /* Debug */ = {
			isa = XCBuildConfiguration;
			buildSettings = {
				ASSETCATALOG_COMPILER_APPICON_NAME = AppIcon;
				ASSETCATALOG_COMPILER_GLOBAL_ACCENT_COLOR_NAME = AccentColor;
				CODE_SIGN_STYLE = Automatic;
				CURRENT_PROJECT_VERSION = 1;
				DEVELOPMENT_ASSET_PATHS = "\"DikidiNour/Preview Content\"";
				DEVELOPMENT_TEAM = 28R93URF8B;
				ENABLE_PREVIEWS = YES;
				GENERATE_INFOPLIST_FILE = YES;
				INFOPLIST_FILE = "";
				INFOPLIST_KEY_NSLocationUsageDescription = "Allow location";
				INFOPLIST_KEY_NSLocationWhenInUseUsageDescription = "Allow location";
				INFOPLIST_KEY_UIApplicationSceneManifest_Generation = YES;
				INFOPLIST_KEY_UIApplicationSupportsIndirectInputEvents = YES;
				INFOPLIST_KEY_UILaunchScreen_Generation = YES;
				INFOPLIST_KEY_UISupportedInterfaceOrientations_iPad = "UIInterfaceOrientationPortrait UIInterfaceOrientationPortraitUpsideDown UIInterfaceOrientationLandscapeLeft UIInterfaceOrientationLandscapeRight";
				INFOPLIST_KEY_UISupportedInterfaceOrientations_iPhone = "UIInterfaceOrientationPortrait UIInterfaceOrientationLandscapeLeft UIInterfaceOrientationLandscapeRight";
				LD_RUNPATH_SEARCH_PATHS = (
					"$(inherited)",
					"@executable_path/Frameworks",
				);
				MARKETING_VERSION = 1.0;
				PRODUCT_BUNDLE_IDENTIFIER = Nour.DikidiNour;
				PRODUCT_NAME = "$(TARGET_NAME)";
				SWIFT_EMIT_LOC_STRINGS = YES;
				SWIFT_VERSION = 5.0;
				TARGETED_DEVICE_FAMILY = "1,2";
			};
			name = Debug;
		};
		9D35CAF62C0F159800D68BA0 /* Release */ = {
			isa = XCBuildConfiguration;
			buildSettings = {
				ASSETCATALOG_COMPILER_APPICON_NAME = AppIcon;
				ASSETCATALOG_COMPILER_GLOBAL_ACCENT_COLOR_NAME = AccentColor;
				CODE_SIGN_STYLE = Automatic;
				CURRENT_PROJECT_VERSION = 1;
				DEVELOPMENT_ASSET_PATHS = "\"DikidiNour/Preview Content\"";
				DEVELOPMENT_TEAM = 28R93URF8B;
				ENABLE_PREVIEWS = YES;
				GENERATE_INFOPLIST_FILE = YES;
				INFOPLIST_FILE = "";
				INFOPLIST_KEY_NSLocationUsageDescription = "Allow location";
				INFOPLIST_KEY_NSLocationWhenInUseUsageDescription = "Allow location";
				INFOPLIST_KEY_UIApplicationSceneManifest_Generation = YES;
				INFOPLIST_KEY_UIApplicationSupportsIndirectInputEvents = YES;
				INFOPLIST_KEY_UILaunchScreen_Generation = YES;
				INFOPLIST_KEY_UISupportedInterfaceOrientations_iPad = "UIInterfaceOrientationPortrait UIInterfaceOrientationPortraitUpsideDown UIInterfaceOrientationLandscapeLeft UIInterfaceOrientationLandscapeRight";
				INFOPLIST_KEY_UISupportedInterfaceOrientations_iPhone = "UIInterfaceOrientationPortrait UIInterfaceOrientationLandscapeLeft UIInterfaceOrientationLandscapeRight";
				LD_RUNPATH_SEARCH_PATHS = (
					"$(inherited)",
					"@executable_path/Frameworks",
				);
				MARKETING_VERSION = 1.0;
				PRODUCT_BUNDLE_IDENTIFIER = Nour.DikidiNour;
				PRODUCT_NAME = "$(TARGET_NAME)";
				SWIFT_EMIT_LOC_STRINGS = YES;
				SWIFT_VERSION = 5.0;
				TARGETED_DEVICE_FAMILY = "1,2";
			};
			name = Release;
		};
/* End XCBuildConfiguration section */

/* Begin XCConfigurationList section */
		9D35CADC2C0F159600D68BA0 /* Build configuration list for PBXProject "DikidiNour" */ = {
			isa = XCConfigurationList;
			buildConfigurations = (
				9D35CAF22C0F159800D68BA0 /* Debug */,
				9D35CAF32C0F159800D68BA0 /* Release */,
			);
			defaultConfigurationIsVisible = 0;
			defaultConfigurationName = Release;
		};
		9D35CAF42C0F159800D68BA0 /* Build configuration list for PBXNativeTarget "DikidiNour" */ = {
			isa = XCConfigurationList;
			buildConfigurations = (
				9D35CAF52C0F159800D68BA0 /* Debug */,
				9D35CAF62C0F159800D68BA0 /* Release */,
			);
			defaultConfigurationIsVisible = 0;
			defaultConfigurationName = Release;
		};
/* End XCConfigurationList section */
	};
	rootObject = 9D35CAD92C0F159600D68BA0 /* Project object */;
}
